
Microsoft Visual Studio Solution File, Format Version 12.00
# Visual Studio 15
VisualStudioVersion = 15.0.27703.2047
MinimumVisualStudioVersion = 10.0.40219.1
Project("{FAE04EC0-301F-11D3-BF4B-00C04F79EFBC}") = "Entidades", "Entidades\Entidades.csproj", "{AB0C2CB0-7BC3-435A-8970-200C5210B0AD}"
EndProject
Project("{FAE04EC0-301F-11D3-BF4B-00C04F79EFBC}") = "VistaConsola", "VistaConsola\VistaConsola.csproj", "{94C048FD-31DD-4FA5-A716-AE46499D5CE5}"
EndProject
Project("{FAE04EC0-301F-11D3-BF4B-00C04F79EFBC}") = "VistaForm", "VistaForm\VistaForm.csproj", "{015703B3-858E-4EF0-96DD-964A568ABC0F}"
EndProject
Global
	GlobalSection(SolutionConfigurationPlatforms) = preSolution
		Debug|Any CPU = Debug|Any CPU
		Release|Any CPU = Release|Any CPU
	EndGlobalSection
	GlobalSection(ProjectConfigurationPlatforms) = postSolution
		{AB0C2CB0-7BC3-435A-8970-200C5210B0AD}.Debug|Any CPU.ActiveCfg = Debug|Any CPU
		{AB0C2CB0-7BC3-435A-8970-200C5210B0AD}.Debug|Any CPU.Build.0 = Debug|Any CPU
		{AB0C2CB0-7BC3-435A-8970-200C5210B0AD}.Release|Any CPU.ActiveCfg = Release|Any CPU
		{AB0C2CB0-7BC3-435A-8970-200C5210B0AD}.Release|Any CPU.Build.0 = Release|Any CPU
		{94C048FD-31DD-4FA5-A716-AE46499D5CE5}.Debug|Any CPU.ActiveCfg = Debug|Any CPU
		{94C048FD-31DD-4FA5-A716-AE46499D5CE5}.Debug|Any CPU.Build.0 = Debug|Any CPU
		{94C048FD-31DD-4FA5-A716-AE46499D5CE5}.Release|Any CPU.ActiveCfg = Release|Any CPU
		{94C048FD-31DD-4FA5-A716-AE46499D5CE5}.Release|Any CPU.Build.0 = Release|Any CPU
		{015703B3-858E-4EF0-96DD-964A568ABC0F}.Debug|Any CPU.ActiveCfg = Debug|Any CPU
		{015703B3-858E-4EF0-96DD-964A568ABC0F}.Debug|Any CPU.Build.0 = Debug|Any CPU
		{015703B3-858E-4EF0-96DD-964A568ABC0F}.Release|Any CPU.ActiveCfg = Release|Any CPU
		{015703B3-858E-4EF0-96DD-964A568ABC0F}.Release|Any CPU.Build.0 = Release|Any CPU
	EndGlobalSection
	GlobalSection(SolutionProperties) = preSolution
		HideSolutionNode = FALSE
	EndGlobalSection
	GlobalSection(ExtensibilityGlobals) = postSolution
		SolutionGuid = {699B5B2F-28A5-4F38-B533-A8718F29A120}
	EndGlobalSection
EndGlobal
