
Microsoft Visual Studio Solution File, Format Version 12.00
# Visual Studio 15
VisualStudioVersion = 15.0.27703.2047
MinimumVisualStudioVersion = 10.0.40219.1
Project("{FAE04EC0-301F-11D3-BF4B-00C04F79EFBC}") = "Interfaces", "Interfaces\Interfaces.csproj", "{B2E3DEE0-A2C0-412F-AE79-0FFCC8956133}"
EndProject
Project("{FAE04EC0-301F-11D3-BF4B-00C04F79EFBC}") = "EntidadesEjercicio52", "EntidadesEjercicio52\EntidadesEjercicio52.csproj", "{EA8FBF36-E5DF-409E-B59C-5C30D0262040}"
EndProject
Project("{FAE04EC0-301F-11D3-BF4B-00C04F79EFBC}") = "ConsolaEjercicio52", "ConsolaEjercicio52\ConsolaEjercicio52.csproj", "{BD3DD546-CAB6-4ECF-B92F-C3810281DB33}"
EndProject
Global
	GlobalSection(SolutionConfigurationPlatforms) = preSolution
		Debug|Any CPU = Debug|Any CPU
		Release|Any CPU = Release|Any CPU
	EndGlobalSection
	GlobalSection(ProjectConfigurationPlatforms) = postSolution
		{B2E3DEE0-A2C0-412F-AE79-0FFCC8956133}.Debug|Any CPU.ActiveCfg = Debug|Any CPU
		{B2E3DEE0-A2C0-412F-AE79-0FFCC8956133}.Debug|Any CPU.Build.0 = Debug|Any CPU
		{B2E3DEE0-A2C0-412F-AE79-0FFCC8956133}.Release|Any CPU.ActiveCfg = Release|Any CPU
		{B2E3DEE0-A2C0-412F-AE79-0FFCC8956133}.Release|Any CPU.Build.0 = Release|Any CPU
		{EA8FBF36-E5DF-409E-B59C-5C30D0262040}.Debug|Any CPU.ActiveCfg = Debug|Any CPU
		{EA8FBF36-E5DF-409E-B59C-5C30D0262040}.Debug|Any CPU.Build.0 = Debug|Any CPU
		{EA8FBF36-E5DF-409E-B59C-5C30D0262040}.Release|Any CPU.ActiveCfg = Release|Any CPU
		{EA8FBF36-E5DF-409E-B59C-5C30D0262040}.Release|Any CPU.Build.0 = Release|Any CPU
		{BD3DD546-CAB6-4ECF-B92F-C3810281DB33}.Debug|Any CPU.ActiveCfg = Debug|Any CPU
		{BD3DD546-CAB6-4ECF-B92F-C3810281DB33}.Debug|Any CPU.Build.0 = Debug|Any CPU
		{BD3DD546-CAB6-4ECF-B92F-C3810281DB33}.Release|Any CPU.ActiveCfg = Release|Any CPU
		{BD3DD546-CAB6-4ECF-B92F-C3810281DB33}.Release|Any CPU.Build.0 = Release|Any CPU
	EndGlobalSection
	GlobalSection(SolutionProperties) = preSolution
		HideSolutionNode = FALSE
	EndGlobalSection
	GlobalSection(ExtensibilityGlobals) = postSolution
		SolutionGuid = {B5DA9437-D674-47C9-850B-E2D79157B6A7}
	EndGlobalSection
EndGlobal
