
Microsoft Visual Studio Solution File, Format Version 12.00
# Visual Studio 15
VisualStudioVersion = 15.0.27703.2047
MinimumVisualStudioVersion = 10.0.40219.1
Project("{FAE04EC0-301F-11D3-BF4B-00C04F79EFBC}") = "Temporizador", "Temporizador\Temporizador.csproj", "{80A3816A-C47B-4A49-B734-974E6B8844BB}"
EndProject
Global
	GlobalSection(SolutionConfigurationPlatforms) = preSolution
		Debug|Any CPU = Debug|Any CPU
		Release|Any CPU = Release|Any CPU
	EndGlobalSection
	GlobalSection(ProjectConfigurationPlatforms) = postSolution
		{80A3816A-C47B-4A49-B734-974E6B8844BB}.Debug|Any CPU.ActiveCfg = Debug|Any CPU
		{80A3816A-C47B-4A49-B734-974E6B8844BB}.Debug|Any CPU.Build.0 = Debug|Any CPU
		{80A3816A-C47B-4A49-B734-974E6B8844BB}.Release|Any CPU.ActiveCfg = Release|Any CPU
		{80A3816A-C47B-4A49-B734-974E6B8844BB}.Release|Any CPU.Build.0 = Release|Any CPU
	EndGlobalSection
	GlobalSection(SolutionProperties) = preSolution
		HideSolutionNode = FALSE
	EndGlobalSection
	GlobalSection(ExtensibilityGlobals) = postSolution
		SolutionGuid = {9D399E65-8571-4B13-8D88-A0F7DAB4F42B}
	EndGlobalSection
EndGlobal
