
Microsoft Visual Studio Solution File, Format Version 12.00
# Visual Studio 15
VisualStudioVersion = 15.0.27703.2047
MinimumVisualStudioVersion = 10.0.40219.1
Project("{FAE04EC0-301F-11D3-BF4B-00C04F79EFBC}") = "Productos", "Productos\Productos.csproj", "{2DC408FF-BDAE-4542-9062-65E356083CD3}"
EndProject
Project("{FAE04EC0-301F-11D3-BF4B-00C04F79EFBC}") = "WindowsFormsApp1", "WindowsFormsApp1\WindowsFormsApp1.csproj", "{0A1615F8-9DE5-4DC7-B687-305D1F0356C2}"
EndProject
Project("{FAE04EC0-301F-11D3-BF4B-00C04F79EFBC}") = "ConsoleApp20", "..\ConsoleApp1\ConsoleApp20\ConsoleApp20.csproj", "{2B0AAF2D-9C75-472B-ABC1-7CE05BB07A97}"
EndProject
Global
	GlobalSection(SolutionConfigurationPlatforms) = preSolution
		Debug|Any CPU = Debug|Any CPU
		Release|Any CPU = Release|Any CPU
	EndGlobalSection
	GlobalSection(ProjectConfigurationPlatforms) = postSolution
		{2DC408FF-BDAE-4542-9062-65E356083CD3}.Debug|Any CPU.ActiveCfg = Debug|Any CPU
		{2DC408FF-BDAE-4542-9062-65E356083CD3}.Debug|Any CPU.Build.0 = Debug|Any CPU
		{2DC408FF-BDAE-4542-9062-65E356083CD3}.Release|Any CPU.ActiveCfg = Release|Any CPU
		{2DC408FF-BDAE-4542-9062-65E356083CD3}.Release|Any CPU.Build.0 = Release|Any CPU
		{0A1615F8-9DE5-4DC7-B687-305D1F0356C2}.Debug|Any CPU.ActiveCfg = Debug|Any CPU
		{0A1615F8-9DE5-4DC7-B687-305D1F0356C2}.Debug|Any CPU.Build.0 = Debug|Any CPU
		{0A1615F8-9DE5-4DC7-B687-305D1F0356C2}.Release|Any CPU.ActiveCfg = Release|Any CPU
		{0A1615F8-9DE5-4DC7-B687-305D1F0356C2}.Release|Any CPU.Build.0 = Release|Any CPU
		{2B0AAF2D-9C75-472B-ABC1-7CE05BB07A97}.Debug|Any CPU.ActiveCfg = Debug|Any CPU
		{2B0AAF2D-9C75-472B-ABC1-7CE05BB07A97}.Debug|Any CPU.Build.0 = Debug|Any CPU
		{2B0AAF2D-9C75-472B-ABC1-7CE05BB07A97}.Release|Any CPU.ActiveCfg = Release|Any CPU
		{2B0AAF2D-9C75-472B-ABC1-7CE05BB07A97}.Release|Any CPU.Build.0 = Release|Any CPU
	EndGlobalSection
	GlobalSection(SolutionProperties) = preSolution
		HideSolutionNode = FALSE
	EndGlobalSection
	GlobalSection(ExtensibilityGlobals) = postSolution
		SolutionGuid = {926B45F5-BAA4-4828-BFAF-E6F8CB7E206D}
	EndGlobalSection
EndGlobal
